// !$*UTF8*$!
{
	archiveVersion = 1;
	classes = {
	};
	objectVersion = 46;
	objects = {

/* Begin PBXBuildFile section */
		1F29C1FA3BBAEB0748A8D44A /* Pods_Contacts_PlusTests.framework in Frameworks */ = {isa = PBXBuildFile; fileRef = F714011434A201D52FEA444E /* Pods_Contacts_PlusTests.framework */; };
		B6D3C2E11EABE67C0017E78D /* AppDelegate.swift in Sources */ = {isa = PBXBuildFile; fileRef = B6D3C2E01EABE67C0017E78D /* AppDelegate.swift */; };
		B6D3C2E81EABE67C0017E78D /* Assets.xcassets in Resources */ = {isa = PBXBuildFile; fileRef = B6D3C2E71EABE67C0017E78D /* Assets.xcassets */; };
		B6D3C2EB1EABE67C0017E78D /* LaunchScreen.storyboard in Resources */ = {isa = PBXBuildFile; fileRef = B6D3C2E91EABE67C0017E78D /* LaunchScreen.storyboard */; };
		B6D3C3171EABE7680017E78D /* DataType.swift in Sources */ = {isa = PBXBuildFile; fileRef = B6D3C3021EABE7680017E78D /* DataType.swift */; };
		B6D3C3181EABE7680017E78D /* Dispatcher.swift in Sources */ = {isa = PBXBuildFile; fileRef = B6D3C3031EABE7680017E78D /* Dispatcher.swift */; };
		B6D3C3191EABE7680017E78D /* HttpMethod.swift in Sources */ = {isa = PBXBuildFile; fileRef = B6D3C3041EABE7680017E78D /* HttpMethod.swift */; };
		B6D3C31A1EABE7680017E78D /* NetworkErrors.swift in Sources */ = {isa = PBXBuildFile; fileRef = B6D3C3051EABE7680017E78D /* NetworkErrors.swift */; };
		B6D3C31B1EABE7680017E78D /* NetworkOperation.swift in Sources */ = {isa = PBXBuildFile; fileRef = B6D3C3061EABE7680017E78D /* NetworkOperation.swift */; };
		B6D3C31C1EABE7680017E78D /* NetworkResult.swift in Sources */ = {isa = PBXBuildFile; fileRef = B6D3C3071EABE7680017E78D /* NetworkResult.swift */; };
		B6D3C31D1EABE7680017E78D /* Parser.swift in Sources */ = {isa = PBXBuildFile; fileRef = B6D3C3081EABE7680017E78D /* Parser.swift */; };
		B6D3C31E1EABE7680017E78D /* Request+Headers.swift in Sources */ = {isa = PBXBuildFile; fileRef = B6D3C3091EABE7680017E78D /* Request+Headers.swift */; };
		B6D3C31F1EABE7680017E78D /* Request.swift in Sources */ = {isa = PBXBuildFile; fileRef = B6D3C30A1EABE7680017E78D /* Request.swift */; };
		B6D3C3201EABE7680017E78D /* RequestParameters.swift in Sources */ = {isa = PBXBuildFile; fileRef = B6D3C30B1EABE7680017E78D /* RequestParameters.swift */; };
		B6D3C3211EABE7680017E78D /* Response.swift in Sources */ = {isa = PBXBuildFile; fileRef = B6D3C30C1EABE7680017E78D /* Response.swift */; };
		B6D3C3221EABE7680017E78D /* Network Auth.swift in Sources */ = {isa = PBXBuildFile; fileRef = B6D3C30D1EABE7680017E78D /* Network Auth.swift */; };
		B6D3C3231EABE7680017E78D /* Network Configuration.swift in Sources */ = {isa = PBXBuildFile; fileRef = B6D3C30E1EABE7680017E78D /* Network Configuration.swift */; };
		B6D3C3241EABE7680017E78D /* Network Dispatcher.swift in Sources */ = {isa = PBXBuildFile; fileRef = B6D3C30F1EABE7680017E78D /* Network Dispatcher.swift */; };
		B6D3C3251EABE7680017E78D /* Network Reachability.swift in Sources */ = {isa = PBXBuildFile; fileRef = B6D3C3101EABE7680017E78D /* Network Reachability.swift */; };
		B6D3C3261EABE7680017E78D /* LoadingIndicator.swift in Sources */ = {isa = PBXBuildFile; fileRef = B6D3C3151EABE7680017E78D /* LoadingIndicator.swift */; };
		B6D3C3271EABE7680017E78D /* Network Alert.swift in Sources */ = {isa = PBXBuildFile; fileRef = B6D3C3161EABE7680017E78D /* Network Alert.swift */; };
		B6D3C32B1EABE79E0017E78D /* Contact.swift in Sources */ = {isa = PBXBuildFile; fileRef = B6D3C3281EABE79E0017E78D /* Contact.swift */; };
		B6D3C32C1EABE79E0017E78D /* Phone.swift in Sources */ = {isa = PBXBuildFile; fileRef = B6D3C3291EABE79E0017E78D /* Phone.swift */; };
		B6D3C32D1EABE79E0017E78D /* Address.swift in Sources */ = {isa = PBXBuildFile; fileRef = B6D3C32A1EABE79E0017E78D /* Address.swift */; };
		B6D3C3321EABE7AC0017E78D /* Contact Detail.storyboard in Resources */ = {isa = PBXBuildFile; fileRef = B6D3C32F1EABE7AC0017E78D /* Contact Detail.storyboard */; };
		B6D3C3331EABE7AC0017E78D /* Contact List.storyboard in Resources */ = {isa = PBXBuildFile; fileRef = B6D3C3311EABE7AC0017E78D /* Contact List.storyboard */; };
		B6D3C3351EABE8620017E78D /* ContactListTableViewController.swift in Sources */ = {isa = PBXBuildFile; fileRef = B6D3C3341EABE8620017E78D /* ContactListTableViewController.swift */; };
		B6D3C3371EABE86E0017E78D /* ContactDetailTableViewController.swift in Sources */ = {isa = PBXBuildFile; fileRef = B6D3C3361EABE86E0017E78D /* ContactDetailTableViewController.swift */; };
		B6D3C3391EABE8A60017E78D /* ContactListDatasource.swift in Sources */ = {isa = PBXBuildFile; fileRef = B6D3C3381EABE8A60017E78D /* ContactListDatasource.swift */; };
		B6D3C33B1EABE8E10017E78D /* ContactDetailDatasource.swift in Sources */ = {isa = PBXBuildFile; fileRef = B6D3C33A1EABE8E10017E78D /* ContactDetailDatasource.swift */; };
		B6D3C33D1EABEE8A0017E78D /* Contact Cell.swift in Sources */ = {isa = PBXBuildFile; fileRef = B6D3C33C1EABEE8A0017E78D /* Contact Cell.swift */; };
		B6D3C33F1EABF0820017E78D /* ContactRequest.swift in Sources */ = {isa = PBXBuildFile; fileRef = B6D3C33E1EABF0820017E78D /* ContactRequest.swift */; };
		B6D3C3411EABF28A0017E78D /* ContactParser.swift in Sources */ = {isa = PBXBuildFile; fileRef = B6D3C3401EABF28A0017E78D /* ContactParser.swift */; };
		B6D3C3431EABF6A10017E78D /* ContactOperation.swift in Sources */ = {isa = PBXBuildFile; fileRef = B6D3C3421EABF6A10017E78D /* ContactOperation.swift */; };
		B6D3C3451EABFB810017E78D /* PhoneParser.swift in Sources */ = {isa = PBXBuildFile; fileRef = B6D3C3441EABFB810017E78D /* PhoneParser.swift */; };
		B6D3C3471EABFEE10017E78D /* AddressParser.swift in Sources */ = {isa = PBXBuildFile; fileRef = B6D3C3461EABFEE10017E78D /* AddressParser.swift */; };
		B6D3C34B1EAC15450017E78D /* DatasourceDelegate.swift in Sources */ = {isa = PBXBuildFile; fileRef = B6D3C34A1EAC15450017E78D /* DatasourceDelegate.swift */; };
		B6D3C34D1EAC43DC0017E78D /* ConfigurableCell.swift in Sources */ = {isa = PBXBuildFile; fileRef = B6D3C34C1EAC43DC0017E78D /* ConfigurableCell.swift */; };
		B6D3C3611EAC54150017E78D /* AddressCell.swift in Sources */ = {isa = PBXBuildFile; fileRef = B6D3C35B1EAC54150017E78D /* AddressCell.swift */; };
		B6D3C3621EAC54150017E78D /* CompanyCell.swift in Sources */ = {isa = PBXBuildFile; fileRef = B6D3C35C1EAC54150017E78D /* CompanyCell.swift */; };
		B6D3C3631EAC54150017E78D /* HomePhoneCell.swift in Sources */ = {isa = PBXBuildFile; fileRef = B6D3C35D1EAC54150017E78D /* HomePhoneCell.swift */; };
		B6D3C3641EAC54150017E78D /* MobilePhoneCell.swift in Sources */ = {isa = PBXBuildFile; fileRef = B6D3C35E1EAC54150017E78D /* MobilePhoneCell.swift */; };
		B6D3C3651EAC54150017E78D /* NameCell.swift in Sources */ = {isa = PBXBuildFile; fileRef = B6D3C35F1EAC54150017E78D /* NameCell.swift */; };
		B6D3C3661EAC54150017E78D /* WorkPhoneCell.swift in Sources */ = {isa = PBXBuildFile; fileRef = B6D3C3601EAC54150017E78D /* WorkPhoneCell.swift */; };
		B6D3C3681EAC54290017E78D /* EmailCell.swift in Sources */ = {isa = PBXBuildFile; fileRef = B6D3C3671EAC54290017E78D /* EmailCell.swift */; };
		B6D3C36A1EAC54350017E78D /* WebsiteCell.swift in Sources */ = {isa = PBXBuildFile; fileRef = B6D3C3691EAC54350017E78D /* WebsiteCell.swift */; };
		B6D3C36C1EAD29810017E78D /* FavoriteButton.swift in Sources */ = {isa = PBXBuildFile; fileRef = B6D3C36B1EAD29810017E78D /* FavoriteButton.swift */; };
		B6D3C36F1EAD3CF10017E78D /* EditContactTableViewController.swift in Sources */ = {isa = PBXBuildFile; fileRef = B6D3C36E1EAD3CF10017E78D /* EditContactTableViewController.swift */; };
		B6D3C3711EAD3D000017E78D /* Edit Contact.storyboard in Resources */ = {isa = PBXBuildFile; fileRef = B6D3C3701EAD3D000017E78D /* Edit Contact.storyboard */; };
		B6D3C3731EAD47310017E78D /* EditCellType.swift in Sources */ = {isa = PBXBuildFile; fileRef = B6D3C3721EAD47310017E78D /* EditCellType.swift */; };
		B6D3C3771EAD56C80017E78D /* FormTableViewController.swift in Sources */ = {isa = PBXBuildFile; fileRef = B6D3C3761EAD56C80017E78D /* FormTableViewController.swift */; };
		B6D3C3791EAD58380017E78D /* EditContactTextField.swift in Sources */ = {isa = PBXBuildFile; fileRef = B6D3C3781EAD58380017E78D /* EditContactTextField.swift */; };
		B6D3C37B1EAD94950017E78D /* PhoneCell.swift in Sources */ = {isa = PBXBuildFile; fileRef = B6D3C37A1EAD94950017E78D /* PhoneCell.swift */; };
		B6D3C37F1EAD99FD0017E78D /* MockData.swift in Sources */ = {isa = PBXBuildFile; fileRef = B6D3C37D1EAD99FD0017E78D /* MockData.swift */; };
		B6D3C3861EAD9A860017E78D /* ContactsTest.swift in Sources */ = {isa = PBXBuildFile; fileRef = B6D3C3811EAD9A860017E78D /* ContactsTest.swift */; };
		B6D3C3891EAD9A860017E78D /* Contact.json in Resources */ = {isa = PBXBuildFile; fileRef = B6D3C3851EAD9A860017E78D /* Contact.json */; };
		CC4A07EA5E0E3B0C8774CEBD /* Pods_Contacts_Plus.framework in Frameworks */ = {isa = PBXBuildFile; fileRef = 20254A9C6996ED208E51F657 /* Pods_Contacts_Plus.framework */; };
/* End PBXBuildFile section */

/* Begin PBXContainerItemProxy section */
		B6D3C2F21EABE67D0017E78D /* PBXContainerItemProxy */ = {
			isa = PBXContainerItemProxy;
			containerPortal = B6D3C2D51EABE67C0017E78D /* Project object */;
			proxyType = 1;
			remoteGlobalIDString = B6D3C2DC1EABE67C0017E78D;
			remoteInfo = "Contacts-Plus";
		};
/* End PBXContainerItemProxy section */

/* Begin PBXFileReference section */
		20254A9C6996ED208E51F657 /* Pods_Contacts_Plus.framework */ = {isa = PBXFileReference; explicitFileType = wrapper.framework; includeInIndex = 0; path = Pods_Contacts_Plus.framework; sourceTree = BUILT_PRODUCTS_DIR; };
		2538D10474E2464AB5EFF3BE /* Pods-Contacts-PlusTests.release.xcconfig */ = {isa = PBXFileReference; includeInIndex = 1; lastKnownFileType = text.xcconfig; name = "Pods-Contacts-PlusTests.release.xcconfig"; path = "Pods/Target Support Files/Pods-Contacts-PlusTests/Pods-Contacts-PlusTests.release.xcconfig"; sourceTree = "<group>"; };
		52DE6DFA64C08CD0F00F59B7 /* Pods-Contacts-Plus.release.xcconfig */ = {isa = PBXFileReference; includeInIndex = 1; lastKnownFileType = text.xcconfig; name = "Pods-Contacts-Plus.release.xcconfig"; path = "Pods/Target Support Files/Pods-Contacts-Plus/Pods-Contacts-Plus.release.xcconfig"; sourceTree = "<group>"; };
		686904E5AA04B652897864A3 /* Pods-Contacts-Plus.debug.xcconfig */ = {isa = PBXFileReference; includeInIndex = 1; lastKnownFileType = text.xcconfig; name = "Pods-Contacts-Plus.debug.xcconfig"; path = "Pods/Target Support Files/Pods-Contacts-Plus/Pods-Contacts-Plus.debug.xcconfig"; sourceTree = "<group>"; };
		AEB10C25AC94E90F991C9E6A /* Pods-Contacts-PlusTests.debug.xcconfig */ = {isa = PBXFileReference; includeInIndex = 1; lastKnownFileType = text.xcconfig; name = "Pods-Contacts-PlusTests.debug.xcconfig"; path = "Pods/Target Support Files/Pods-Contacts-PlusTests/Pods-Contacts-PlusTests.debug.xcconfig"; sourceTree = "<group>"; };
		B6D3C2DD1EABE67C0017E78D /* Contacts-Plus.app */ = {isa = PBXFileReference; explicitFileType = wrapper.application; includeInIndex = 0; path = "Contacts-Plus.app"; sourceTree = BUILT_PRODUCTS_DIR; };
		B6D3C2E01EABE67C0017E78D /* AppDelegate.swift */ = {isa = PBXFileReference; lastKnownFileType = sourcecode.swift; path = AppDelegate.swift; sourceTree = "<group>"; };
		B6D3C2E71EABE67C0017E78D /* Assets.xcassets */ = {isa = PBXFileReference; lastKnownFileType = folder.assetcatalog; path = Assets.xcassets; sourceTree = "<group>"; };
		B6D3C2EA1EABE67C0017E78D /* Base */ = {isa = PBXFileReference; lastKnownFileType = file.storyboard; name = Base; path = Base.lproj/LaunchScreen.storyboard; sourceTree = "<group>"; };
		B6D3C2EC1EABE67C0017E78D /* Info.plist */ = {isa = PBXFileReference; lastKnownFileType = text.plist.xml; path = Info.plist; sourceTree = "<group>"; };
		B6D3C2F11EABE67D0017E78D /* Contacts-PlusTests.xctest */ = {isa = PBXFileReference; explicitFileType = wrapper.cfbundle; includeInIndex = 0; path = "Contacts-PlusTests.xctest"; sourceTree = BUILT_PRODUCTS_DIR; };
		B6D3C2F71EABE67D0017E78D /* Info.plist */ = {isa = PBXFileReference; lastKnownFileType = text.plist.xml; path = Info.plist; sourceTree = "<group>"; };
		B6D3C3021EABE7680017E78D /* DataType.swift */ = {isa = PBXFileReference; fileEncoding = 4; lastKnownFileType = sourcecode.swift; path = DataType.swift; sourceTree = "<group>"; };
		B6D3C3031EABE7680017E78D /* Dispatcher.swift */ = {isa = PBXFileReference; fileEncoding = 4; lastKnownFileType = sourcecode.swift; path = Dispatcher.swift; sourceTree = "<group>"; };
		B6D3C3041EABE7680017E78D /* HttpMethod.swift */ = {isa = PBXFileReference; fileEncoding = 4; lastKnownFileType = sourcecode.swift; path = HttpMethod.swift; sourceTree = "<group>"; };
		B6D3C3051EABE7680017E78D /* NetworkErrors.swift */ = {isa = PBXFileReference; fileEncoding = 4; lastKnownFileType = sourcecode.swift; path = NetworkErrors.swift; sourceTree = "<group>"; };
		B6D3C3061EABE7680017E78D /* NetworkOperation.swift */ = {isa = PBXFileReference; fileEncoding = 4; lastKnownFileType = sourcecode.swift; path = NetworkOperation.swift; sourceTree = "<group>"; };
		B6D3C3071EABE7680017E78D /* NetworkResult.swift */ = {isa = PBXFileReference; fileEncoding = 4; lastKnownFileType = sourcecode.swift; path = NetworkResult.swift; sourceTree = "<group>"; };
		B6D3C3081EABE7680017E78D /* Parser.swift */ = {isa = PBXFileReference; fileEncoding = 4; lastKnownFileType = sourcecode.swift; path = Parser.swift; sourceTree = "<group>"; };
		B6D3C3091EABE7680017E78D /* Request+Headers.swift */ = {isa = PBXFileReference; fileEncoding = 4; lastKnownFileType = sourcecode.swift; path = "Request+Headers.swift"; sourceTree = "<group>"; };
		B6D3C30A1EABE7680017E78D /* Request.swift */ = {isa = PBXFileReference; fileEncoding = 4; lastKnownFileType = sourcecode.swift; path = Request.swift; sourceTree = "<group>"; };
		B6D3C30B1EABE7680017E78D /* RequestParameters.swift */ = {isa = PBXFileReference; fileEncoding = 4; lastKnownFileType = sourcecode.swift; path = RequestParameters.swift; sourceTree = "<group>"; };
		B6D3C30C1EABE7680017E78D /* Response.swift */ = {isa = PBXFileReference; fileEncoding = 4; lastKnownFileType = sourcecode.swift; path = Response.swift; sourceTree = "<group>"; };
		B6D3C30D1EABE7680017E78D /* Network Auth.swift */ = {isa = PBXFileReference; fileEncoding = 4; lastKnownFileType = sourcecode.swift; path = "Network Auth.swift"; sourceTree = "<group>"; };
		B6D3C30E1EABE7680017E78D /* Network Configuration.swift */ = {isa = PBXFileReference; fileEncoding = 4; lastKnownFileType = sourcecode.swift; path = "Network Configuration.swift"; sourceTree = "<group>"; };
		B6D3C30F1EABE7680017E78D /* Network Dispatcher.swift */ = {isa = PBXFileReference; fileEncoding = 4; lastKnownFileType = sourcecode.swift; path = "Network Dispatcher.swift"; sourceTree = "<group>"; };
		B6D3C3101EABE7680017E78D /* Network Reachability.swift */ = {isa = PBXFileReference; fileEncoding = 4; lastKnownFileType = sourcecode.swift; path = "Network Reachability.swift"; sourceTree = "<group>"; };
		B6D3C3151EABE7680017E78D /* LoadingIndicator.swift */ = {isa = PBXFileReference; fileEncoding = 4; lastKnownFileType = sourcecode.swift; path = LoadingIndicator.swift; sourceTree = "<group>"; };
		B6D3C3161EABE7680017E78D /* Network Alert.swift */ = {isa = PBXFileReference; fileEncoding = 4; lastKnownFileType = sourcecode.swift; path = "Network Alert.swift"; sourceTree = "<group>"; };
		B6D3C3281EABE79E0017E78D /* Contact.swift */ = {isa = PBXFileReference; fileEncoding = 4; lastKnownFileType = sourcecode.swift; path = Contact.swift; sourceTree = "<group>"; };
		B6D3C3291EABE79E0017E78D /* Phone.swift */ = {isa = PBXFileReference; fileEncoding = 4; lastKnownFileType = sourcecode.swift; path = Phone.swift; sourceTree = "<group>"; };
		B6D3C32A1EABE79E0017E78D /* Address.swift */ = {isa = PBXFileReference; fileEncoding = 4; lastKnownFileType = sourcecode.swift; path = Address.swift; sourceTree = "<group>"; };
		B6D3C32F1EABE7AC0017E78D /* Contact Detail.storyboard */ = {isa = PBXFileReference; fileEncoding = 4; lastKnownFileType = file.storyboard; path = "Contact Detail.storyboard"; sourceTree = "<group>"; };
		B6D3C3311EABE7AC0017E78D /* Contact List.storyboard */ = {isa = PBXFileReference; fileEncoding = 4; lastKnownFileType = file.storyboard; path = "Contact List.storyboard"; sourceTree = "<group>"; };
		B6D3C3341EABE8620017E78D /* ContactListTableViewController.swift */ = {isa = PBXFileReference; fileEncoding = 4; lastKnownFileType = sourcecode.swift; path = ContactListTableViewController.swift; sourceTree = "<group>"; };
		B6D3C3361EABE86E0017E78D /* ContactDetailTableViewController.swift */ = {isa = PBXFileReference; fileEncoding = 4; lastKnownFileType = sourcecode.swift; path = ContactDetailTableViewController.swift; sourceTree = "<group>"; };
		B6D3C3381EABE8A60017E78D /* ContactListDatasource.swift */ = {isa = PBXFileReference; fileEncoding = 4; lastKnownFileType = sourcecode.swift; path = ContactListDatasource.swift; sourceTree = "<group>"; };
		B6D3C33A1EABE8E10017E78D /* ContactDetailDatasource.swift */ = {isa = PBXFileReference; fileEncoding = 4; lastKnownFileType = sourcecode.swift; path = ContactDetailDatasource.swift; sourceTree = "<group>"; };
		B6D3C33C1EABEE8A0017E78D /* Contact Cell.swift */ = {isa = PBXFileReference; fileEncoding = 4; lastKnownFileType = sourcecode.swift; path = "Contact Cell.swift"; sourceTree = "<group>"; };
		B6D3C33E1EABF0820017E78D /* ContactRequest.swift */ = {isa = PBXFileReference; fileEncoding = 4; lastKnownFileType = sourcecode.swift; path = ContactRequest.swift; sourceTree = "<group>"; };
		B6D3C3401EABF28A0017E78D /* ContactParser.swift */ = {isa = PBXFileReference; fileEncoding = 4; lastKnownFileType = sourcecode.swift; path = ContactParser.swift; sourceTree = "<group>"; };
		B6D3C3421EABF6A10017E78D /* ContactOperation.swift */ = {isa = PBXFileReference; fileEncoding = 4; lastKnownFileType = sourcecode.swift; path = ContactOperation.swift; sourceTree = "<group>"; };
		B6D3C3441EABFB810017E78D /* PhoneParser.swift */ = {isa = PBXFileReference; fileEncoding = 4; lastKnownFileType = sourcecode.swift; path = PhoneParser.swift; sourceTree = "<group>"; };
		B6D3C3461EABFEE10017E78D /* AddressParser.swift */ = {isa = PBXFileReference; fileEncoding = 4; lastKnownFileType = sourcecode.swift; path = AddressParser.swift; sourceTree = "<group>"; };
		B6D3C34A1EAC15450017E78D /* DatasourceDelegate.swift */ = {isa = PBXFileReference; fileEncoding = 4; lastKnownFileType = sourcecode.swift; path = DatasourceDelegate.swift; sourceTree = "<group>"; };
		B6D3C34C1EAC43DC0017E78D /* ConfigurableCell.swift */ = {isa = PBXFileReference; fileEncoding = 4; lastKnownFileType = sourcecode.swift; path = ConfigurableCell.swift; sourceTree = "<group>"; };
		B6D3C35B1EAC54150017E78D /* AddressCell.swift */ = {isa = PBXFileReference; fileEncoding = 4; lastKnownFileType = sourcecode.swift; path = AddressCell.swift; sourceTree = "<group>"; };
		B6D3C35C1EAC54150017E78D /* CompanyCell.swift */ = {isa = PBXFileReference; fileEncoding = 4; lastKnownFileType = sourcecode.swift; path = CompanyCell.swift; sourceTree = "<group>"; };
		B6D3C35D1EAC54150017E78D /* HomePhoneCell.swift */ = {isa = PBXFileReference; fileEncoding = 4; lastKnownFileType = sourcecode.swift; path = HomePhoneCell.swift; sourceTree = "<group>"; };
		B6D3C35E1EAC54150017E78D /* MobilePhoneCell.swift */ = {isa = PBXFileReference; fileEncoding = 4; lastKnownFileType = sourcecode.swift; path = MobilePhoneCell.swift; sourceTree = "<group>"; };
		B6D3C35F1EAC54150017E78D /* NameCell.swift */ = {isa = PBXFileReference; fileEncoding = 4; lastKnownFileType = sourcecode.swift; path = NameCell.swift; sourceTree = "<group>"; };
		B6D3C3601EAC54150017E78D /* WorkPhoneCell.swift */ = {isa = PBXFileReference; fileEncoding = 4; lastKnownFileType = sourcecode.swift; path = WorkPhoneCell.swift; sourceTree = "<group>"; };
		B6D3C3671EAC54290017E78D /* EmailCell.swift */ = {isa = PBXFileReference; fileEncoding = 4; lastKnownFileType = sourcecode.swift; path = EmailCell.swift; sourceTree = "<group>"; };
		B6D3C3691EAC54350017E78D /* WebsiteCell.swift */ = {isa = PBXFileReference; fileEncoding = 4; lastKnownFileType = sourcecode.swift; path = WebsiteCell.swift; sourceTree = "<group>"; };
		B6D3C36B1EAD29810017E78D /* FavoriteButton.swift */ = {isa = PBXFileReference; fileEncoding = 4; lastKnownFileType = sourcecode.swift; path = FavoriteButton.swift; sourceTree = "<group>"; };
		B6D3C36E1EAD3CF10017E78D /* EditContactTableViewController.swift */ = {isa = PBXFileReference; fileEncoding = 4; lastKnownFileType = sourcecode.swift; path = EditContactTableViewController.swift; sourceTree = "<group>"; };
		B6D3C3701EAD3D000017E78D /* Edit Contact.storyboard */ = {isa = PBXFileReference; fileEncoding = 4; lastKnownFileType = file.storyboard; path = "Edit Contact.storyboard"; sourceTree = "<group>"; };
		B6D3C3721EAD47310017E78D /* EditCellType.swift */ = {isa = PBXFileReference; fileEncoding = 4; lastKnownFileType = sourcecode.swift; path = EditCellType.swift; sourceTree = "<group>"; };
		B6D3C3761EAD56C80017E78D /* FormTableViewController.swift */ = {isa = PBXFileReference; fileEncoding = 4; lastKnownFileType = sourcecode.swift; path = FormTableViewController.swift; sourceTree = "<group>"; };
		B6D3C3781EAD58380017E78D /* EditContactTextField.swift */ = {isa = PBXFileReference; fileEncoding = 4; lastKnownFileType = sourcecode.swift; path = EditContactTextField.swift; sourceTree = "<group>"; };
		B6D3C37A1EAD94950017E78D /* PhoneCell.swift */ = {isa = PBXFileReference; fileEncoding = 4; lastKnownFileType = sourcecode.swift; path = PhoneCell.swift; sourceTree = "<group>"; };
		B6D3C37D1EAD99FD0017E78D /* MockData.swift */ = {isa = PBXFileReference; fileEncoding = 4; lastKnownFileType = sourcecode.swift; path = MockData.swift; sourceTree = "<group>"; };
		B6D3C3811EAD9A860017E78D /* ContactsTest.swift */ = {isa = PBXFileReference; fileEncoding = 4; lastKnownFileType = sourcecode.swift; path = ContactsTest.swift; sourceTree = "<group>"; };
		B6D3C3851EAD9A860017E78D /* Contact.json */ = {isa = PBXFileReference; fileEncoding = 4; lastKnownFileType = text.json; path = Contact.json; sourceTree = "<group>"; };
		F714011434A201D52FEA444E /* Pods_Contacts_PlusTests.framework */ = {isa = PBXFileReference; explicitFileType = wrapper.framework; includeInIndex = 0; path = Pods_Contacts_PlusTests.framework; sourceTree = BUILT_PRODUCTS_DIR; };
/* End PBXFileReference section */

/* Begin PBXFrameworksBuildPhase section */
		B6D3C2DA1EABE67C0017E78D /* Frameworks */ = {
			isa = PBXFrameworksBuildPhase;
			buildActionMask = 2147483647;
			files = (
				CC4A07EA5E0E3B0C8774CEBD /* Pods_Contacts_Plus.framework in Frameworks */,
			);
			runOnlyForDeploymentPostprocessing = 0;
		};
		B6D3C2EE1EABE67D0017E78D /* Frameworks */ = {
			isa = PBXFrameworksBuildPhase;
			buildActionMask = 2147483647;
			files = (
				1F29C1FA3BBAEB0748A8D44A /* Pods_Contacts_PlusTests.framework in Frameworks */,
			);
			runOnlyForDeploymentPostprocessing = 0;
		};
/* End PBXFrameworksBuildPhase section */

/* Begin PBXGroup section */
		80D65D6806D3C3B2BD5B931D /* Frameworks */ = {
			isa = PBXGroup;
			children = (
				20254A9C6996ED208E51F657 /* Pods_Contacts_Plus.framework */,
				F714011434A201D52FEA444E /* Pods_Contacts_PlusTests.framework */,
			);
			name = Frameworks;
			sourceTree = "<group>";
		};
		B6D3C2D41EABE67C0017E78D = {
			isa = PBXGroup;
			children = (
				B6D3C2DF1EABE67C0017E78D /* Contacts-Plus */,
				B6D3C2F41EABE67D0017E78D /* Contacts-PlusTests */,
				B6D3C2DE1EABE67C0017E78D /* Products */,
				FCCB51E6CE32A562294B8182 /* Pods */,
				80D65D6806D3C3B2BD5B931D /* Frameworks */,
			);
			sourceTree = "<group>";
		};
		B6D3C2DE1EABE67C0017E78D /* Products */ = {
			isa = PBXGroup;
			children = (
				B6D3C2DD1EABE67C0017E78D /* Contacts-Plus.app */,
				B6D3C2F11EABE67D0017E78D /* Contacts-PlusTests.xctest */,
			);
			name = Products;
			sourceTree = "<group>";
		};
		B6D3C2DF1EABE67C0017E78D /* Contacts-Plus */ = {
			isa = PBXGroup;
			children = (
				B6D3C2E01EABE67C0017E78D /* AppDelegate.swift */,
				B6D3C2E71EABE67C0017E78D /* Assets.xcassets */,
				B6D3C2E91EABE67C0017E78D /* LaunchScreen.storyboard */,
				B6D3C2EC1EABE67C0017E78D /* Info.plist */,
				B6D3C3281EABE79E0017E78D /* Contact.swift */,
				B6D3C3291EABE79E0017E78D /* Phone.swift */,
				B6D3C32A1EABE79E0017E78D /* Address.swift */,
				B6D3C3491EAC15390017E78D /* Core */,
				B6D3C3301EABE7AC0017E78D /* Contact List */,
				B6D3C32E1EABE7AC0017E78D /* Contact Detail */,
				B6D3C36D1EAD3CE10017E78D /* Edit Contact */,
				B6D3C3001EABE7680017E78D /* Network Layer */,
			);
			path = "Contacts-Plus";
			sourceTree = "<group>";
		};
		B6D3C2F41EABE67D0017E78D /* Contacts-PlusTests */ = {
			isa = PBXGroup;
			children = (
				B6D3C3801EAD9A860017E78D /* Network Layer Tests */,
				B6D3C37D1EAD99FD0017E78D /* MockData.swift */,
				B6D3C2F71EABE67D0017E78D /* Info.plist */,
			);
			path = "Contacts-PlusTests";
			sourceTree = "<group>";
		};
		B6D3C3001EABE7680017E78D /* Network Layer */ = {
			isa = PBXGroup;
			children = (
				B6D3C3011EABE7680017E78D /* Abstractions */,
				B6D3C30D1EABE7680017E78D /* Network Auth.swift */,
				B6D3C30E1EABE7680017E78D /* Network Configuration.swift */,
				B6D3C30F1EABE7680017E78D /* Network Dispatcher.swift */,
				B6D3C3101EABE7680017E78D /* Network Reachability.swift */,
				B6D3C3121EABE7680017E78D /* Parsers */,
				B6D3C3111EABE7680017E78D /* Operations */,
				B6D3C3131EABE7680017E78D /* Requests */,
				B6D3C3141EABE7680017E78D /* UI */,
			);
			path = "Network Layer";
			sourceTree = "<group>";
		};
		B6D3C3011EABE7680017E78D /* Abstractions */ = {
			isa = PBXGroup;
			children = (
				B6D3C3021EABE7680017E78D /* DataType.swift */,
				B6D3C3031EABE7680017E78D /* Dispatcher.swift */,
				B6D3C3041EABE7680017E78D /* HttpMethod.swift */,
				B6D3C3051EABE7680017E78D /* NetworkErrors.swift */,
				B6D3C3061EABE7680017E78D /* NetworkOperation.swift */,
				B6D3C3071EABE7680017E78D /* NetworkResult.swift */,
				B6D3C3081EABE7680017E78D /* Parser.swift */,
				B6D3C3091EABE7680017E78D /* Request+Headers.swift */,
				B6D3C30A1EABE7680017E78D /* Request.swift */,
				B6D3C30B1EABE7680017E78D /* RequestParameters.swift */,
				B6D3C30C1EABE7680017E78D /* Response.swift */,
			);
			path = Abstractions;
			sourceTree = "<group>";
		};
		B6D3C3111EABE7680017E78D /* Operations */ = {
			isa = PBXGroup;
			children = (
				B6D3C3421EABF6A10017E78D /* ContactOperation.swift */,
			);
			path = Operations;
			sourceTree = "<group>";
		};
		B6D3C3121EABE7680017E78D /* Parsers */ = {
			isa = PBXGroup;
			children = (
				B6D3C3401EABF28A0017E78D /* ContactParser.swift */,
				B6D3C3441EABFB810017E78D /* PhoneParser.swift */,
				B6D3C3461EABFEE10017E78D /* AddressParser.swift */,
			);
			path = Parsers;
			sourceTree = "<group>";
		};
		B6D3C3131EABE7680017E78D /* Requests */ = {
			isa = PBXGroup;
			children = (
				B6D3C33E1EABF0820017E78D /* ContactRequest.swift */,
			);
			path = Requests;
			sourceTree = "<group>";
		};
		B6D3C3141EABE7680017E78D /* UI */ = {
			isa = PBXGroup;
			children = (
				B6D3C3151EABE7680017E78D /* LoadingIndicator.swift */,
				B6D3C3161EABE7680017E78D /* Network Alert.swift */,
			);
			path = UI;
			sourceTree = "<group>";
		};
		B6D3C32E1EABE7AC0017E78D /* Contact Detail */ = {
			isa = PBXGroup;
			children = (
				B6D3C32F1EABE7AC0017E78D /* Contact Detail.storyboard */,
				B6D3C3361EABE86E0017E78D /* ContactDetailTableViewController.swift */,
				B6D3C33A1EABE8E10017E78D /* ContactDetailDatasource.swift */,
				B6D3C36B1EAD29810017E78D /* FavoriteButton.swift */,
				B6D3C35A1EAC54140017E78D /* Cells */,
			);
			path = "Contact Detail";
			sourceTree = "<group>";
		};
		B6D3C3301EABE7AC0017E78D /* Contact List */ = {
			isa = PBXGroup;
			children = (
				B6D3C3311EABE7AC0017E78D /* Contact List.storyboard */,
				B6D3C3341EABE8620017E78D /* ContactListTableViewController.swift */,
				B6D3C3381EABE8A60017E78D /* ContactListDatasource.swift */,
				B6D3C33C1EABEE8A0017E78D /* Contact Cell.swift */,
			);
			path = "Contact List";
			sourceTree = "<group>";
		};
		B6D3C3491EAC15390017E78D /* Core */ = {
			isa = PBXGroup;
			children = (
				B6D3C3761EAD56C80017E78D /* FormTableViewController.swift */,
				B6D3C34A1EAC15450017E78D /* DatasourceDelegate.swift */,
				B6D3C34C1EAC43DC0017E78D /* ConfigurableCell.swift */,
			);
			path = Core;
			sourceTree = "<group>";
		};
		B6D3C35A1EAC54140017E78D /* Cells */ = {
			isa = PBXGroup;
			children = (
				B6D3C35F1EAC54150017E78D /* NameCell.swift */,
				B6D3C35C1EAC54150017E78D /* CompanyCell.swift */,
				B6D3C35B1EAC54150017E78D /* AddressCell.swift */,
				B6D3C3671EAC54290017E78D /* EmailCell.swift */,
				B6D3C3691EAC54350017E78D /* WebsiteCell.swift */,
				B6D3C35D1EAC54150017E78D /* HomePhoneCell.swift */,
				B6D3C35E1EAC54150017E78D /* MobilePhoneCell.swift */,
				B6D3C3601EAC54150017E78D /* WorkPhoneCell.swift */,
				B6D3C37A1EAD94950017E78D /* PhoneCell.swift */,
			);
			path = Cells;
			sourceTree = "<group>";
		};
		B6D3C36D1EAD3CE10017E78D /* Edit Contact */ = {
			isa = PBXGroup;
			children = (
				B6D3C36E1EAD3CF10017E78D /* EditContactTableViewController.swift */,
				B6D3C3701EAD3D000017E78D /* Edit Contact.storyboard */,
				B6D3C3721EAD47310017E78D /* EditCellType.swift */,
				B6D3C3781EAD58380017E78D /* EditContactTextField.swift */,
			);
			path = "Edit Contact";
			sourceTree = "<group>";
		};
		B6D3C3801EAD9A860017E78D /* Network Layer Tests */ = {
			isa = PBXGroup;
			children = (
				B6D3C3811EAD9A860017E78D /* ContactsTest.swift */,
				B6D3C3821EAD9A860017E78D /* Mock JSON */,
			);
			path = "Network Layer Tests";
			sourceTree = "<group>";
		};
		B6D3C3821EAD9A860017E78D /* Mock JSON */ = {
			isa = PBXGroup;
			children = (
				B6D3C3851EAD9A860017E78D /* Contact.json */,
			);
			path = "Mock JSON";
			sourceTree = "<group>";
		};
		FCCB51E6CE32A562294B8182 /* Pods */ = {
			isa = PBXGroup;
			children = (
				686904E5AA04B652897864A3 /* Pods-Contacts-Plus.debug.xcconfig */,
				52DE6DFA64C08CD0F00F59B7 /* Pods-Contacts-Plus.release.xcconfig */,
				AEB10C25AC94E90F991C9E6A /* Pods-Contacts-PlusTests.debug.xcconfig */,
				2538D10474E2464AB5EFF3BE /* Pods-Contacts-PlusTests.release.xcconfig */,
			);
			name = Pods;
			sourceTree = "<group>";
		};
/* End PBXGroup section */

/* Begin PBXNativeTarget section */
		B6D3C2DC1EABE67C0017E78D /* Contacts-Plus */ = {
			isa = PBXNativeTarget;
			buildConfigurationList = B6D3C2FA1EABE67D0017E78D /* Build configuration list for PBXNativeTarget "Contacts-Plus" */;
			buildPhases = (
				815D3B9F8566D6F11BE60014 /* [CP] Check Pods Manifest.lock */,
				B6D3C2D91EABE67C0017E78D /* Sources */,
				B6D3C2DA1EABE67C0017E78D /* Frameworks */,
				B6D3C2DB1EABE67C0017E78D /* Resources */,
				EE8A9EB34642D1B9EB94536D /* [CP] Embed Pods Frameworks */,
				FCAA2F4C24FA9E5EBC126F4F /* [CP] Copy Pods Resources */,
			);
			buildRules = (
			);
			dependencies = (
			);
			name = "Contacts-Plus";
			productName = "Contacts-Plus";
			productReference = B6D3C2DD1EABE67C0017E78D /* Contacts-Plus.app */;
			productType = "com.apple.product-type.application";
		};
		B6D3C2F01EABE67D0017E78D /* Contacts-PlusTests */ = {
			isa = PBXNativeTarget;
			buildConfigurationList = B6D3C2FD1EABE67D0017E78D /* Build configuration list for PBXNativeTarget "Contacts-PlusTests" */;
			buildPhases = (
				6A510E3DF3E2212F7CD5CC4A /* [CP] Check Pods Manifest.lock */,
				B6D3C2ED1EABE67D0017E78D /* Sources */,
				B6D3C2EE1EABE67D0017E78D /* Frameworks */,
				B6D3C2EF1EABE67D0017E78D /* Resources */,
				BE03F73C7E4F1B9911F1C4CC /* [CP] Embed Pods Frameworks */,
				833F4EAA8EB8035905C0F554 /* [CP] Copy Pods Resources */,
			);
			buildRules = (
			);
			dependencies = (
				B6D3C2F31EABE67D0017E78D /* PBXTargetDependency */,
			);
			name = "Contacts-PlusTests";
			productName = "Contacts-PlusTests";
			productReference = B6D3C2F11EABE67D0017E78D /* Contacts-PlusTests.xctest */;
			productType = "com.apple.product-type.bundle.unit-test";
		};
/* End PBXNativeTarget section */

/* Begin PBXProject section */
		B6D3C2D51EABE67C0017E78D /* Project object */ = {
			isa = PBXProject;
			attributes = {
				LastSwiftUpdateCheck = 0820;
				LastUpgradeCheck = 0820;
				ORGANIZATIONNAME = "Kyle Zawacki";
				TargetAttributes = {
					B6D3C2DC1EABE67C0017E78D = {
						CreatedOnToolsVersion = 8.2.1;
						DevelopmentTeam = V8N6W23849;
						ProvisioningStyle = Automatic;
					};
					B6D3C2F01EABE67D0017E78D = {
						CreatedOnToolsVersion = 8.2.1;
						DevelopmentTeam = V8N6W23849;
						ProvisioningStyle = Automatic;
						TestTargetID = B6D3C2DC1EABE67C0017E78D;
					};
				};
			};
			buildConfigurationList = B6D3C2D81EABE67C0017E78D /* Build configuration list for PBXProject "Contacts-Plus" */;
			compatibilityVersion = "Xcode 3.2";
			developmentRegion = English;
			hasScannedForEncodings = 0;
			knownRegions = (
				en,
				Base,
			);
			mainGroup = B6D3C2D41EABE67C0017E78D;
			productRefGroup = B6D3C2DE1EABE67C0017E78D /* Products */;
			projectDirPath = "";
			projectRoot = "";
			targets = (
				B6D3C2DC1EABE67C0017E78D /* Contacts-Plus */,
				B6D3C2F01EABE67D0017E78D /* Contacts-PlusTests */,
			);
		};
/* End PBXProject section */

/* Begin PBXResourcesBuildPhase section */
		B6D3C2DB1EABE67C0017E78D /* Resources */ = {
			isa = PBXResourcesBuildPhase;
			buildActionMask = 2147483647;
			files = (
				B6D3C3321EABE7AC0017E78D /* Contact Detail.storyboard in Resources */,
				B6D3C2EB1EABE67C0017E78D /* LaunchScreen.storyboard in Resources */,
				B6D3C3331EABE7AC0017E78D /* Contact List.storyboard in Resources */,
				B6D3C2E81EABE67C0017E78D /* Assets.xcassets in Resources */,
				B6D3C3711EAD3D000017E78D /* Edit Contact.storyboard in Resources */,
			);
			runOnlyForDeploymentPostprocessing = 0;
		};
		B6D3C2EF1EABE67D0017E78D /* Resources */ = {
			isa = PBXResourcesBuildPhase;
			buildActionMask = 2147483647;
			files = (
				B6D3C3891EAD9A860017E78D /* Contact.json in Resources */,
			);
			runOnlyForDeploymentPostprocessing = 0;
		};
/* End PBXResourcesBuildPhase section */

/* Begin PBXShellScriptBuildPhase section */
		6A510E3DF3E2212F7CD5CC4A /* [CP] Check Pods Manifest.lock */ = {
			isa = PBXShellScriptBuildPhase;
			buildActionMask = 2147483647;
			files = (
			);
			inputPaths = (
			);
			name = "[CP] Check Pods Manifest.lock";
			outputPaths = (
			);
			runOnlyForDeploymentPostprocessing = 0;
			shellPath = /bin/sh;
			shellScript = "diff \"${PODS_ROOT}/../Podfile.lock\" \"${PODS_ROOT}/Manifest.lock\" > /dev/null\nif [ $? != 0 ] ; then\n    # print error to STDERR\n    echo \"error: The sandbox is not in sync with the Podfile.lock. Run 'pod install' or update your CocoaPods installation.\" >&2\n    exit 1\nfi\n";
			showEnvVarsInLog = 0;
		};
		815D3B9F8566D6F11BE60014 /* [CP] Check Pods Manifest.lock */ = {
			isa = PBXShellScriptBuildPhase;
			buildActionMask = 2147483647;
			files = (
			);
			inputPaths = (
			);
			name = "[CP] Check Pods Manifest.lock";
			outputPaths = (
			);
			runOnlyForDeploymentPostprocessing = 0;
			shellPath = /bin/sh;
			shellScript = "diff \"${PODS_ROOT}/../Podfile.lock\" \"${PODS_ROOT}/Manifest.lock\" > /dev/null\nif [ $? != 0 ] ; then\n    # print error to STDERR\n    echo \"error: The sandbox is not in sync with the Podfile.lock. Run 'pod install' or update your CocoaPods installation.\" >&2\n    exit 1\nfi\n";
			showEnvVarsInLog = 0;
		};
		833F4EAA8EB8035905C0F554 /* [CP] Copy Pods Resources */ = {
			isa = PBXShellScriptBuildPhase;
			buildActionMask = 2147483647;
			files = (
			);
			inputPaths = (
			);
			name = "[CP] Copy Pods Resources";
			outputPaths = (
			);
			runOnlyForDeploymentPostprocessing = 0;
			shellPath = /bin/sh;
			shellScript = "\"${SRCROOT}/Pods/Target Support Files/Pods-Contacts-PlusTests/Pods-Contacts-PlusTests-resources.sh\"\n";
			showEnvVarsInLog = 0;
		};
		BE03F73C7E4F1B9911F1C4CC /* [CP] Embed Pods Frameworks */ = {
			isa = PBXShellScriptBuildPhase;
			buildActionMask = 2147483647;
			files = (
			);
			inputPaths = (
			);
			name = "[CP] Embed Pods Frameworks";
			outputPaths = (
			);
			runOnlyForDeploymentPostprocessing = 0;
			shellPath = /bin/sh;
			shellScript = "\"${SRCROOT}/Pods/Target Support Files/Pods-Contacts-PlusTests/Pods-Contacts-PlusTests-frameworks.sh\"\n";
			showEnvVarsInLog = 0;
		};
		EE8A9EB34642D1B9EB94536D /* [CP] Embed Pods Frameworks */ = {
			isa = PBXShellScriptBuildPhase;
			buildActionMask = 2147483647;
			files = (
			);
			inputPaths = (
			);
			name = "[CP] Embed Pods Frameworks";
			outputPaths = (
			);
			runOnlyForDeploymentPostprocessing = 0;
			shellPath = /bin/sh;
			shellScript = "\"${SRCROOT}/Pods/Target Support Files/Pods-Contacts-Plus/Pods-Contacts-Plus-frameworks.sh\"\n";
			showEnvVarsInLog = 0;
		};
		FCAA2F4C24FA9E5EBC126F4F /* [CP] Copy Pods Resources */ = {
			isa = PBXShellScriptBuildPhase;
			buildActionMask = 2147483647;
			files = (
			);
			inputPaths = (
			);
			name = "[CP] Copy Pods Resources";
			outputPaths = (
			);
			runOnlyForDeploymentPostprocessing = 0;
			shellPath = /bin/sh;
			shellScript = "\"${SRCROOT}/Pods/Target Support Files/Pods-Contacts-Plus/Pods-Contacts-Plus-resources.sh\"\n";
			showEnvVarsInLog = 0;
		};
/* End PBXShellScriptBuildPhase section */

/* Begin PBXSourcesBuildPhase section */
		B6D3C2D91EABE67C0017E78D /* Sources */ = {
			isa = PBXSourcesBuildPhase;
			buildActionMask = 2147483647;
			files = (
				B6D3C32C1EABE79E0017E78D /* Phone.swift in Sources */,
				B6D3C3251EABE7680017E78D /* Network Reachability.swift in Sources */,
				B6D3C32B1EABE79E0017E78D /* Contact.swift in Sources */,
				B6D3C3621EAC54150017E78D /* CompanyCell.swift in Sources */,
				B6D3C3231EABE7680017E78D /* Network Configuration.swift in Sources */,
				B6D3C3241EABE7680017E78D /* Network Dispatcher.swift in Sources */,
				B6D3C3221EABE7680017E78D /* Network Auth.swift in Sources */,
				B6D3C32D1EABE79E0017E78D /* Address.swift in Sources */,
				B6D3C3191EABE7680017E78D /* HttpMethod.swift in Sources */,
				B6D3C3661EAC54150017E78D /* WorkPhoneCell.swift in Sources */,
				B6D3C3351EABE8620017E78D /* ContactListTableViewController.swift in Sources */,
				B6D3C33B1EABE8E10017E78D /* ContactDetailDatasource.swift in Sources */,
				B6D3C3651EAC54150017E78D /* NameCell.swift in Sources */,
				B6D3C3431EABF6A10017E78D /* ContactOperation.swift in Sources */,
				B6D3C3261EABE7680017E78D /* LoadingIndicator.swift in Sources */,
				B6D3C36A1EAC54350017E78D /* WebsiteCell.swift in Sources */,
				B6D3C2E11EABE67C0017E78D /* AppDelegate.swift in Sources */,
				B6D3C3631EAC54150017E78D /* HomePhoneCell.swift in Sources */,
				B6D3C31A1EABE7680017E78D /* NetworkErrors.swift in Sources */,
				B6D3C3681EAC54290017E78D /* EmailCell.swift in Sources */,
				B6D3C3271EABE7680017E78D /* Network Alert.swift in Sources */,
				B6D3C3451EABFB810017E78D /* PhoneParser.swift in Sources */,
				B6D3C33F1EABF0820017E78D /* ContactRequest.swift in Sources */,
				B6D3C37B1EAD94950017E78D /* PhoneCell.swift in Sources */,
				B6D3C3201EABE7680017E78D /* RequestParameters.swift in Sources */,
				B6D3C3211EABE7680017E78D /* Response.swift in Sources */,
				B6D3C3731EAD47310017E78D /* EditCellType.swift in Sources */,
				B6D3C33D1EABEE8A0017E78D /* Contact Cell.swift in Sources */,
				B6D3C3611EAC54150017E78D /* AddressCell.swift in Sources */,
				B6D3C3171EABE7680017E78D /* DataType.swift in Sources */,
				B6D3C34D1EAC43DC0017E78D /* ConfigurableCell.swift in Sources */,
				B6D3C31D1EABE7680017E78D /* Parser.swift in Sources */,
				B6D3C3391EABE8A60017E78D /* ContactListDatasource.swift in Sources */,
				B6D3C3771EAD56C80017E78D /* FormTableViewController.swift in Sources */,
				B6D3C31B1EABE7680017E78D /* NetworkOperation.swift in Sources */,
				B6D3C3641EAC54150017E78D /* MobilePhoneCell.swift in Sources */,
				B6D3C3371EABE86E0017E78D /* ContactDetailTableViewController.swift in Sources */,
				B6D3C34B1EAC15450017E78D /* DatasourceDelegate.swift in Sources */,
				B6D3C3411EABF28A0017E78D /* ContactParser.swift in Sources */,
				B6D3C3791EAD58380017E78D /* EditContactTextField.swift in Sources */,
				B6D3C31E1EABE7680017E78D /* Request+Headers.swift in Sources */,
				B6D3C31F1EABE7680017E78D /* Request.swift in Sources */,
				B6D3C3471EABFEE10017E78D /* AddressParser.swift in Sources */,
				B6D3C36C1EAD29810017E78D /* FavoriteButton.swift in Sources */,
				B6D3C3181EABE7680017E78D /* Dispatcher.swift in Sources */,
				B6D3C36F1EAD3CF10017E78D /* EditContactTableViewController.swift in Sources */,
				B6D3C31C1EABE7680017E78D /* NetworkResult.swift in Sources */,
			);
			runOnlyForDeploymentPostprocessing = 0;
		};
		B6D3C2ED1EABE67D0017E78D /* Sources */ = {
			isa = PBXSourcesBuildPhase;
			buildActionMask = 2147483647;
			files = (
				B6D3C37F1EAD99FD0017E78D /* MockData.swift in Sources */,
				B6D3C3861EAD9A860017E78D /* ContactsTest.swift in Sources */,
			);
			runOnlyForDeploymentPostprocessing = 0;
		};
/* End PBXSourcesBuildPhase section */

/* Begin PBXTargetDependency section */
		B6D3C2F31EABE67D0017E78D /* PBXTargetDependency */ = {
			isa = PBXTargetDependency;
			target = B6D3C2DC1EABE67C0017E78D /* Contacts-Plus */;
			targetProxy = B6D3C2F21EABE67D0017E78D /* PBXContainerItemProxy */;
		};
/* End PBXTargetDependency section */

/* Begin PBXVariantGroup section */
		B6D3C2E91EABE67C0017E78D /* LaunchScreen.storyboard */ = {
			isa = PBXVariantGroup;
			children = (
				B6D3C2EA1EABE67C0017E78D /* Base */,
			);
			name = LaunchScreen.storyboard;
			sourceTree = "<group>";
		};
/* End PBXVariantGroup section */

/* Begin XCBuildConfiguration section */
		B6D3C2F81EABE67D0017E78D /* Debug */ = {
			isa = XCBuildConfiguration;
			buildSettings = {
				ALWAYS_SEARCH_USER_PATHS = NO;
				CLANG_ANALYZER_NONNULL = YES;
				CLANG_CXX_LANGUAGE_STANDARD = "gnu++0x";
				CLANG_CXX_LIBRARY = "libc++";
				CLANG_ENABLE_MODULES = YES;
				CLANG_ENABLE_OBJC_ARC = YES;
				CLANG_WARN_BOOL_CONVERSION = YES;
				CLANG_WARN_CONSTANT_CONVERSION = YES;
				CLANG_WARN_DIRECT_OBJC_ISA_USAGE = YES_ERROR;
				CLANG_WARN_DOCUMENTATION_COMMENTS = YES;
				CLANG_WARN_EMPTY_BODY = YES;
				CLANG_WARN_ENUM_CONVERSION = YES;
				CLANG_WARN_INFINITE_RECURSION = YES;
				CLANG_WARN_INT_CONVERSION = YES;
				CLANG_WARN_OBJC_ROOT_CLASS = YES_ERROR;
				CLANG_WARN_SUSPICIOUS_MOVE = YES;
				CLANG_WARN_UNREACHABLE_CODE = YES;
				CLANG_WARN__DUPLICATE_METHOD_MATCH = YES;
				"CODE_SIGN_IDENTITY[sdk=iphoneos*]" = "iPhone Developer";
				COPY_PHASE_STRIP = NO;
				DEBUG_INFORMATION_FORMAT = dwarf;
				ENABLE_STRICT_OBJC_MSGSEND = YES;
				ENABLE_TESTABILITY = YES;
				GCC_C_LANGUAGE_STANDARD = gnu99;
				GCC_DYNAMIC_NO_PIC = NO;
				GCC_NO_COMMON_BLOCKS = YES;
				GCC_OPTIMIZATION_LEVEL = 0;
				GCC_PREPROCESSOR_DEFINITIONS = (
					"DEBUG=1",
					"$(inherited)",
				);
				GCC_WARN_64_TO_32_BIT_CONVERSION = YES;
				GCC_WARN_ABOUT_RETURN_TYPE = YES_ERROR;
				GCC_WARN_UNDECLARED_SELECTOR = YES;
				GCC_WARN_UNINITIALIZED_AUTOS = YES_AGGRESSIVE;
				GCC_WARN_UNUSED_FUNCTION = YES;
				GCC_WARN_UNUSED_VARIABLE = YES;
				IPHONEOS_DEPLOYMENT_TARGET = 10.2;
				MTL_ENABLE_DEBUG_INFO = YES;
				ONLY_ACTIVE_ARCH = YES;
				SDKROOT = iphoneos;
				SWIFT_ACTIVE_COMPILATION_CONDITIONS = DEBUG;
				SWIFT_OPTIMIZATION_LEVEL = "-Onone";
				TARGETED_DEVICE_FAMILY = "1,2";
			};
			name = Debug;
		};
		B6D3C2F91EABE67D0017E78D /* Release */ = {
			isa = XCBuildConfiguration;
			buildSettings = {
				ALWAYS_SEARCH_USER_PATHS = NO;
				CLANG_ANALYZER_NONNULL = YES;
				CLANG_CXX_LANGUAGE_STANDARD = "gnu++0x";
				CLANG_CXX_LIBRARY = "libc++";
				CLANG_ENABLE_MODULES = YES;
				CLANG_ENABLE_OBJC_ARC = YES;
				CLANG_WARN_BOOL_CONVERSION = YES;
				CLANG_WARN_CONSTANT_CONVERSION = YES;
				CLANG_WARN_DIRECT_OBJC_ISA_USAGE = YES_ERROR;
				CLANG_WARN_DOCUMENTATION_COMMENTS = YES;
				CLANG_WARN_EMPTY_BODY = YES;
				CLANG_WARN_ENUM_CONVERSION = YES;
				CLANG_WARN_INFINITE_RECURSION = YES;
				CLANG_WARN_INT_CONVERSION = YES;
				CLANG_WARN_OBJC_ROOT_CLASS = YES_ERROR;
				CLANG_WARN_SUSPICIOUS_MOVE = YES;
				CLANG_WARN_UNREACHABLE_CODE = YES;
				CLANG_WARN__DUPLICATE_METHOD_MATCH = YES;
				"CODE_SIGN_IDENTITY[sdk=iphoneos*]" = "iPhone Developer";
				COPY_PHASE_STRIP = NO;
				DEBUG_INFORMATION_FORMAT = "dwarf-with-dsym";
				ENABLE_NS_ASSERTIONS = NO;
				ENABLE_STRICT_OBJC_MSGSEND = YES;
				GCC_C_LANGUAGE_STANDARD = gnu99;
				GCC_NO_COMMON_BLOCKS = YES;
				GCC_WARN_64_TO_32_BIT_CONVERSION = YES;
				GCC_WARN_ABOUT_RETURN_TYPE = YES_ERROR;
				GCC_WARN_UNDECLARED_SELECTOR = YES;
				GCC_WARN_UNINITIALIZED_AUTOS = YES_AGGRESSIVE;
				GCC_WARN_UNUSED_FUNCTION = YES;
				GCC_WARN_UNUSED_VARIABLE = YES;
				IPHONEOS_DEPLOYMENT_TARGET = 10.2;
				MTL_ENABLE_DEBUG_INFO = NO;
				SDKROOT = iphoneos;
				SWIFT_OPTIMIZATION_LEVEL = "-Owholemodule";
				TARGETED_DEVICE_FAMILY = "1,2";
				VALIDATE_PRODUCT = YES;
			};
			name = Release;
		};
		B6D3C2FB1EABE67D0017E78D /* Debug */ = {
			isa = XCBuildConfiguration;
			baseConfigurationReference = 686904E5AA04B652897864A3 /* Pods-Contacts-Plus.debug.xcconfig */;
			buildSettings = {
				ASSETCATALOG_COMPILER_APPICON_NAME = AppIcon;
				DEVELOPMENT_TEAM = V8N6W23849;
				INFOPLIST_FILE = "Contacts-Plus/Info.plist";
				IPHONEOS_DEPLOYMENT_TARGET = 10;
				LD_RUNPATH_SEARCH_PATHS = "$(inherited) @executable_path/Frameworks";
				PRODUCT_BUNDLE_IDENTIFIER = "personal.kylezawacki.Contacts-Plus";
				PRODUCT_NAME = "$(TARGET_NAME)";
				SWIFT_VERSION = 3.0;
			};
			name = Debug;
		};
		B6D3C2FC1EABE67D0017E78D /* Release */ = {
			isa = XCBuildConfiguration;
			baseConfigurationReference = 52DE6DFA64C08CD0F00F59B7 /* Pods-Contacts-Plus.release.xcconfig */;
			buildSettings = {
				ASSETCATALOG_COMPILER_APPICON_NAME = AppIcon;
				DEVELOPMENT_TEAM = V8N6W23849;
				INFOPLIST_FILE = "Contacts-Plus/Info.plist";
				IPHONEOS_DEPLOYMENT_TARGET = 10;
				LD_RUNPATH_SEARCH_PATHS = "$(inherited) @executable_path/Frameworks";
				PRODUCT_BUNDLE_IDENTIFIER = "personal.kylezawacki.Contacts-Plus";
				PRODUCT_NAME = "$(TARGET_NAME)";
				SWIFT_VERSION = 3.0;
			};
			name = Release;
		};
		B6D3C2FE1EABE67D0017E78D /* Debug */ = {
			isa = XCBuildConfiguration;
			baseConfigurationReference = AEB10C25AC94E90F991C9E6A /* Pods-Contacts-PlusTests.debug.xcconfig */;
			buildSettings = {
				ALWAYS_EMBED_SWIFT_STANDARD_LIBRARIES = YES;
				BUNDLE_LOADER = "$(TEST_HOST)";
				DEVELOPMENT_TEAM = V8N6W23849;
				INFOPLIST_FILE = "Contacts-PlusTests/Info.plist";
				LD_RUNPATH_SEARCH_PATHS = "$(inherited) @executable_path/Frameworks @loader_path/Frameworks";
				PRODUCT_BUNDLE_IDENTIFIER = "personal.kylezawacki.Contacts-PlusTests";
				PRODUCT_NAME = "$(TARGET_NAME)";
				SWIFT_VERSION = 3.0;
				TEST_HOST = "$(BUILT_PRODUCTS_DIR)/Contacts-Plus.app/Contacts-Plus";
			};
			name = Debug;
		};
		B6D3C2FF1EABE67D0017E78D /* Release */ = {
			isa = XCBuildConfiguration;
			baseConfigurationReference = 2538D10474E2464AB5EFF3BE /* Pods-Contacts-PlusTests.release.xcconfig */;
			buildSettings = {
				ALWAYS_EMBED_SWIFT_STANDARD_LIBRARIES = YES;
				BUNDLE_LOADER = "$(TEST_HOST)";
				DEVELOPMENT_TEAM = V8N6W23849;
				INFOPLIST_FILE = "Contacts-PlusTests/Info.plist";
				LD_RUNPATH_SEARCH_PATHS = "$(inherited) @executable_path/Frameworks @loader_path/Frameworks";
				PRODUCT_BUNDLE_IDENTIFIER = "personal.kylezawacki.Contacts-PlusTests";
				PRODUCT_NAME = "$(TARGET_NAME)";
				SWIFT_VERSION = 3.0;
				TEST_HOST = "$(BUILT_PRODUCTS_DIR)/Contacts-Plus.app/Contacts-Plus";
			};
			name = Release;
		};
/* End XCBuildConfiguration section */

/* Begin XCConfigurationList section */
		B6D3C2D81EABE67C0017E78D /* Build configuration list for PBXProject "Contacts-Plus" */ = {
			isa = XCConfigurationList;
			buildConfigurations = (
				B6D3C2F81EABE67D0017E78D /* Debug */,
				B6D3C2F91EABE67D0017E78D /* Release */,
			);
			defaultConfigurationIsVisible = 0;
			defaultConfigurationName = Release;
		};
		B6D3C2FA1EABE67D0017E78D /* Build configuration list for PBXNativeTarget "Contacts-Plus" */ = {
			isa = XCConfigurationList;
			buildConfigurations = (
				B6D3C2FB1EABE67D0017E78D /* Debug */,
				B6D3C2FC1EABE67D0017E78D /* Release */,
			);
			defaultConfigurationIsVisible = 0;
			defaultConfigurationName = Release;
		};
		B6D3C2FD1EABE67D0017E78D /* Build configuration list for PBXNativeTarget "Contacts-PlusTests" */ = {
			isa = XCConfigurationList;
			buildConfigurations = (
				B6D3C2FE1EABE67D0017E78D /* Debug */,
				B6D3C2FF1EABE67D0017E78D /* Release */,
			);
			defaultConfigurationIsVisible = 0;
			defaultConfigurationName = Release;
		};
/* End XCConfigurationList section */
	};
	rootObject = B6D3C2D51EABE67C0017E78D /* Project object */;
}
